
Microsoft Visual Studio Solution File, Format Version 12.00
# Visual Studio Version 17
VisualStudioVersion = 17.6.33723.286
MinimumVisualStudioVersion = 10.0.40219.1
Project("{FAE04EC0-301F-11D3-BF4B-00C04F79EFBC}") = "PeaksAndValleys", "PeaksAndValleys.csproj", "{83612558-F55B-4DBE-BBB1-16A507ACE463}"
EndProject
Global
	GlobalSection(SolutionConfigurationPlatforms) = preSolution
		Debug|Any CPU = Debug|Any CPU
		Release|Any CPU = Release|Any CPU
	EndGlobalSection
	GlobalSection(ProjectConfigurationPlatforms) = postSolution
		{83612558-F55B-4DBE-BBB1-16A507ACE463}.Debug|Any CPU.ActiveCfg = Debug|Any CPU
		{83612558-F55B-4DBE-BBB1-16A507ACE463}.Debug|Any CPU.Build.0 = Debug|Any CPU
		{83612558-F55B-4DBE-BBB1-16A507ACE463}.Release|Any CPU.ActiveCfg = Release|Any CPU
		{83612558-F55B-4DBE-BBB1-16A507ACE463}.Release|Any CPU.Build.0 = Release|Any CPU
	EndGlobalSection
	GlobalSection(SolutionProperties) = preSolution
		HideSolutionNode = FALSE
	EndGlobalSection
	GlobalSection(ExtensibilityGlobals) = postSolution
		SolutionGuid = {4EECA470-99CB-4804-ABAE-5E692AA1B6A7}
	EndGlobalSection
EndGlobal
